
Microsoft Visual Studio Solution File, Format Version 12.00
# Visual Studio Version 17
VisualStudioVersion = 17.3.32819.101
MinimumVisualStudioVersion = 10.0.40219.1
Project("{9A19103F-16F7-4668-BE54-9A1E7A4F7556}") = "ExpressionParserLibrary", "ExpressionParserLibrary\ExpressionParserLibrary.csproj", "{933FE4CD-28DC-4784-99D0-5E9B61F35611}"
EndProject
Project("{9A19103F-16F7-4668-BE54-9A1E7A4F7556}") = "ExpressionParserTests", "ExpressionParserTests\ExpressionParserTests.csproj", "{07FACE36-7A36-442A-A46A-D6F7D01802FA}"
EndProject
Project("{FAE04EC0-301F-11D3-BF4B-00C04F79EFBC}") = "ExpressionParserApi", "ExpressionParserApi\ExpressionParserApi.csproj", "{0D93F078-38F7-4FAB-8342-71A1456BAE53}"
EndProject
Global
	GlobalSection(SolutionConfigurationPlatforms) = preSolution
		Debug|Any CPU = Debug|Any CPU
		Release|Any CPU = Release|Any CPU
	EndGlobalSection
	GlobalSection(ProjectConfigurationPlatforms) = postSolution
		{933FE4CD-28DC-4784-99D0-5E9B61F35611}.Debug|Any CPU.ActiveCfg = Debug|Any CPU
		{933FE4CD-28DC-4784-99D0-5E9B61F35611}.Debug|Any CPU.Build.0 = Debug|Any CPU
		{933FE4CD-28DC-4784-99D0-5E9B61F35611}.Release|Any CPU.ActiveCfg = Release|Any CPU
		{933FE4CD-28DC-4784-99D0-5E9B61F35611}.Release|Any CPU.Build.0 = Release|Any CPU
		{07FACE36-7A36-442A-A46A-D6F7D01802FA}.Debug|Any CPU.ActiveCfg = Debug|Any CPU
		{07FACE36-7A36-442A-A46A-D6F7D01802FA}.Debug|Any CPU.Build.0 = Debug|Any CPU
		{07FACE36-7A36-442A-A46A-D6F7D01802FA}.Release|Any CPU.ActiveCfg = Release|Any CPU
		{07FACE36-7A36-442A-A46A-D6F7D01802FA}.Release|Any CPU.Build.0 = Release|Any CPU
		{0D93F078-38F7-4FAB-8342-71A1456BAE53}.Debug|Any CPU.ActiveCfg = Debug|Any CPU
		{0D93F078-38F7-4FAB-8342-71A1456BAE53}.Debug|Any CPU.Build.0 = Debug|Any CPU
		{0D93F078-38F7-4FAB-8342-71A1456BAE53}.Release|Any CPU.ActiveCfg = Release|Any CPU
		{0D93F078-38F7-4FAB-8342-71A1456BAE53}.Release|Any CPU.Build.0 = Release|Any CPU
	EndGlobalSection
	GlobalSection(SolutionProperties) = preSolution
		HideSolutionNode = FALSE
	EndGlobalSection
	GlobalSection(ExtensibilityGlobals) = postSolution
		SolutionGuid = {656842BE-E291-43FC-9957-5A66B2DC1A10}
	EndGlobalSection
EndGlobal
